// !$*UTF8*$!
{
	archiveVersion = 1;
	classes = {
	};
	objectVersion = 50;
	objects = {

/* Begin PBXBuildFile section */
		2351FB3A21A28509009AE01E /* AppDelegate.m in Sources */ = {isa = PBXBuildFile; fileRef = 2351FB3921A28509009AE01E /* AppDelegate.m */; };
		2351FB3D21A28509009AE01E /* ViewController.m in Sources */ = {isa = PBXBuildFile; fileRef = 2351FB3C21A28509009AE01E /* ViewController.m */; };
		2351FB4021A28509009AE01E /* Main.storyboard in Resources */ = {isa = PBXBuildFile; fileRef = 2351FB3E21A28509009AE01E /* Main.storyboard */; };
		2351FB4221A28510009AE01E /* Assets.xcassets in Resources */ = {isa = PBXBuildFile; fileRef = 2351FB4121A28510009AE01E /* Assets.xcassets */; };
		2351FB4521A28510009AE01E /* LaunchScreen.storyboard in Resources */ = {isa = PBXBuildFile; fileRef = 2351FB4321A28510009AE01E /* LaunchScreen.storyboard */; };
		2351FB4821A28510009AE01E /* main.m in Sources */ = {isa = PBXBuildFile; fileRef = 2351FB4721A28510009AE01E /* main.m */; };
		2351FB5B21A28591009AE01E /* 0.jpg in Resources */ = {isa = PBXBuildFile; fileRef = 2351FB4F21A28591009AE01E /* 0.jpg */; };
		2351FB5C21A28591009AE01E /* 1.jpg in Resources */ = {isa = PBXBuildFile; fileRef = 2351FB5021A28591009AE01E /* 1.jpg */; };
		2351FB5D21A28591009AE01E /* bg.png in Resources */ = {isa = PBXBuildFile; fileRef = 2351FB5121A28591009AE01E /* bg.png */; };
		2351FB5E21A28591009AE01E /* bz1.png in Resources */ = {isa = PBXBuildFile; fileRef = 2351FB5221A28591009AE01E /* bz1.png */; };
		2351FB5F21A28591009AE01E /* bz2.png in Resources */ = {isa = PBXBuildFile; fileRef = 2351FB5321A28591009AE01E /* bz2.png */; };
		2351FB6021A28591009AE01E /* bz3.png in Resources */ = {isa = PBXBuildFile; fileRef = 2351FB5421A28591009AE01E /* bz3.png */; };
		2351FB6121A28591009AE01E /* bz4.png in Resources */ = {isa = PBXBuildFile; fileRef = 2351FB5521A28591009AE01E /* bz4.png */; };
		2351FB6221A28591009AE01E /* bz5.png in Resources */ = {isa = PBXBuildFile; fileRef = 2351FB5621A28591009AE01E /* bz5.png */; };
		2351FB6321A28591009AE01E /* diji.png in Resources */ = {isa = PBXBuildFile; fileRef = 2351FB5721A28591009AE01E /* diji.png */; };
		2351FB6421A28591009AE01E /* plane1.png in Resources */ = {isa = PBXBuildFile; fileRef = 2351FB5821A28591009AE01E /* plane1.png */; };
		2351FB6521A28591009AE01E /* plane2.png in Resources */ = {isa = PBXBuildFile; fileRef = 2351FB5921A28591009AE01E /* plane2.png */; };
		2351FB6621A28591009AE01E /* zidan.png in Resources */ = {isa = PBXBuildFile; fileRef = 2351FB5A21A28591009AE01E /* zidan.png */; };
/* End PBXBuildFile section */

/* Begin PBXFileReference section */
		2351FB3521A28509009AE01E /* PlaneWar.app */ = {isa = PBXFileReference; explicitFileType = wrapper.application; includeInIndex = 0; path = PlaneWar.app; sourceTree = BUILT_PRODUCTS_DIR; };
		2351FB3821A28509009AE01E /* AppDelegate.h */ = {isa = PBXFileReference; lastKnownFileType = sourcecode.c.h; path = AppDelegate.h; sourceTree = "<group>"; };
		2351FB3921A28509009AE01E /* AppDelegate.m */ = {isa = PBXFileReference; lastKnownFileType = sourcecode.c.objc; path = AppDelegate.m; sourceTree = "<group>"; };
		2351FB3B21A28509009AE01E /* ViewController.h */ = {isa = PBXFileReference; lastKnownFileType = sourcecode.c.h; path = ViewController.h; sourceTree = "<group>"; };
		2351FB3C21A28509009AE01E /* ViewController.m */ = {isa = PBXFileReference; lastKnownFileType = sourcecode.c.objc; path = ViewController.m; sourceTree = "<group>"; };
		2351FB3F21A28509009AE01E /* Base */ = {isa = PBXFileReference; lastKnownFileType = file.storyboard; name = Base; path = Base.lproj/Main.storyboard; sourceTree = "<group>"; };
		2351FB4121A28510009AE01E /* Assets.xcassets */ = {isa = PBXFileReference; lastKnownFileType = folder.assetcatalog; path = Assets.xcassets; sourceTree = "<group>"; };
		2351FB4421A28510009AE01E /* Base */ = {isa = PBXFileReference; lastKnownFileType = file.storyboard; name = Base; path = Base.lproj/LaunchScreen.storyboard; sourceTree = "<group>"; };
		2351FB4621A28510009AE01E /* Info.plist */ = {isa = PBXFileReference; lastKnownFileType = text.plist.xml; path = Info.plist; sourceTree = "<group>"; };
		2351FB4721A28510009AE01E /* main.m */ = {isa = PBXFileReference; lastKnownFileType = sourcecode.c.objc; path = main.m; sourceTree = "<group>"; };
		2351FB4F21A28591009AE01E /* 0.jpg */ = {isa = PBXFileReference; lastKnownFileType = image.jpeg; path = 0.jpg; sourceTree = "<group>"; };
		2351FB5021A28591009AE01E /* 1.jpg */ = {isa = PBXFileReference; lastKnownFileType = image.jpeg; path = 1.jpg; sourceTree = "<group>"; };
		2351FB5121A28591009AE01E /* bg.png */ = {isa = PBXFileReference; lastKnownFileType = image.png; path = bg.png; sourceTree = "<group>"; };
		2351FB5221A28591009AE01E /* bz1.png */ = {isa = PBXFileReference; lastKnownFileType = image.png; path = bz1.png; sourceTree = "<group>"; };
		2351FB5321A28591009AE01E /* bz2.png */ = {isa = PBXFileReference; lastKnownFileType = image.png; path = bz2.png; sourceTree = "<group>"; };
		2351FB5421A28591009AE01E /* bz3.png */ = {isa = PBXFileReference; lastKnownFileType = image.png; path = bz3.png; sourceTree = "<group>"; };
		2351FB5521A28591009AE01E /* bz4.png */ = {isa = PBXFileReference; lastKnownFileType = image.png; path = bz4.png; sourceTree = "<group>"; };
		2351FB5621A28591009AE01E /* bz5.png */ = {isa = PBXFileReference; lastKnownFileType = image.png; path = bz5.png; sourceTree = "<group>"; };
		2351FB5721A28591009AE01E /* diji.png */ = {isa = PBXFileReference; lastKnownFileType = image.png; path = diji.png; sourceTree = "<group>"; };
		2351FB5821A28591009AE01E /* plane1.png */ = {isa = PBXFileReference; lastKnownFileType = image.png; path = plane1.png; sourceTree = "<group>"; };
		2351FB5921A28591009AE01E /* plane2.png */ = {isa = PBXFileReference; lastKnownFileType = image.png; path = plane2.png; sourceTree = "<group>"; };
		2351FB5A21A28591009AE01E /* zidan.png */ = {isa = PBXFileReference; lastKnownFileType = image.png; path = zidan.png; sourceTree = "<group>"; };
/* End PBXFileReference section */

/* Begin PBXFrameworksBuildPhase section */
		2351FB3221A28509009AE01E /* Frameworks */ = {
			isa = PBXFrameworksBuildPhase;
			buildActionMask = 2147483647;
			files = (
			);
			runOnlyForDeploymentPostprocessing = 0;
		};
/* End PBXFrameworksBuildPhase section */

/* Begin PBXGroup section */
		2351FB2C21A28509009AE01E = {
			isa = PBXGroup;
			children = (
				2351FB3721A28509009AE01E /* PlaneWar */,
				2351FB3621A28509009AE01E /* Products */,
			);
			sourceTree = "<group>";
		};
		2351FB3621A28509009AE01E /* Products */ = {
			isa = PBXGroup;
			children = (
				2351FB3521A28509009AE01E /* PlaneWar.app */,
			);
			name = Products;
			sourceTree = "<group>";
		};
		2351FB3721A28509009AE01E /* PlaneWar */ = {
			isa = PBXGroup;
			children = (
				2351FB3821A28509009AE01E /* AppDelegate.h */,
				2351FB3921A28509009AE01E /* AppDelegate.m */,
				2351FB3B21A28509009AE01E /* ViewController.h */,
				2351FB3C21A28509009AE01E /* ViewController.m */,
				2351FB3E21A28509009AE01E /* Main.storyboard */,
				2351FB4E21A28591009AE01E /* images */,
				2351FB4121A28510009AE01E /* Assets.xcassets */,
				2351FB4321A28510009AE01E /* LaunchScreen.storyboard */,
				2351FB4621A28510009AE01E /* Info.plist */,
				2351FB4721A28510009AE01E /* main.m */,
			);
			path = PlaneWar;
			sourceTree = "<group>";
		};
		2351FB4E21A28591009AE01E /* images */ = {
			isa = PBXGroup;
			children = (
				2351FB4F21A28591009AE01E /* 0.jpg */,
				2351FB5021A28591009AE01E /* 1.jpg */,
				2351FB5121A28591009AE01E /* bg.png */,
				2351FB5221A28591009AE01E /* bz1.png */,
				2351FB5321A28591009AE01E /* bz2.png */,
				2351FB5421A28591009AE01E /* bz3.png */,
				2351FB5521A28591009AE01E /* bz4.png */,
				2351FB5621A28591009AE01E /* bz5.png */,
				2351FB5721A28591009AE01E /* diji.png */,
				2351FB5821A28591009AE01E /* plane1.png */,
				2351FB5921A28591009AE01E /* plane2.png */,
				2351FB5A21A28591009AE01E /* zidan.png */,
			);
			path = images;
			sourceTree = "<group>";
		};
/* End PBXGroup section */

/* Begin PBXNativeTarget section */
		2351FB3421A28509009AE01E /* PlaneWar */ = {
			isa = PBXNativeTarget;
			buildConfigurationList = 2351FB4B21A28510009AE01E /* Build configuration list for PBXNativeTarget "PlaneWar" */;
			buildPhases = (
				2351FB3121A28509009AE01E /* Sources */,
				2351FB3221A28509009AE01E /* Frameworks */,
				2351FB3321A28509009AE01E /* Resources */,
			);
			buildRules = (
			);
			dependencies = (
			);
			name = PlaneWar;
			productName = PlaneWar;
			productReference = 2351FB3521A28509009AE01E /* PlaneWar.app */;
			productType = "com.apple.product-type.application";
		};
/* End PBXNativeTarget section */

/* Begin PBXProject section */
		2351FB2D21A28509009AE01E /* Project object */ = {
			isa = PBXProject;
			attributes = {
				LastUpgradeCheck = 1010;
				ORGANIZATIONNAME = abner;
				TargetAttributes = {
					2351FB3421A28509009AE01E = {
						CreatedOnToolsVersion = 10.1;
					};
				};
			};
			buildConfigurationList = 2351FB3021A28509009AE01E /* Build configuration list for PBXProject "PlaneWar" */;
			compatibilityVersion = "Xcode 9.3";
			developmentRegion = en;
			hasScannedForEncodings = 0;
			knownRegions = (
				en,
				Base,
			);
			mainGroup = 2351FB2C21A28509009AE01E;
			productRefGroup = 2351FB3621A28509009AE01E /* Products */;
			projectDirPath = "";
			projectRoot = "";
			targets = (
				2351FB3421A28509009AE01E /* PlaneWar */,
			);
		};
/* End PBXProject section */

/* Begin PBXResourcesBuildPhase section */
		2351FB3321A28509009AE01E /* Resources */ = {
			isa = PBXResourcesBuildPhase;
			buildActionMask = 2147483647;
			files = (
				2351FB5F21A28591009AE01E /* bz2.png in Resources */,
				2351FB5E21A28591009AE01E /* bz1.png in Resources */,
				2351FB5B21A28591009AE01E /* 0.jpg in Resources */,
				2351FB4521A28510009AE01E /* LaunchScreen.storyboard in Resources */,
				2351FB5D21A28591009AE01E /* bg.png in Resources */,
				2351FB4221A28510009AE01E /* Assets.xcassets in Resources */,
				2351FB6021A28591009AE01E /* bz3.png in Resources */,
				2351FB6621A28591009AE01E /* zidan.png in Resources */,
				2351FB4021A28509009AE01E /* Main.storyboard in Resources */,
				2351FB6121A28591009AE01E /* bz4.png in Resources */,
				2351FB6421A28591009AE01E /* plane1.png in Resources */,
				2351FB5C21A28591009AE01E /* 1.jpg in Resources */,
				2351FB6221A28591009AE01E /* bz5.png in Resources */,
				2351FB6321A28591009AE01E /* diji.png in Resources */,
				2351FB6521A28591009AE01E /* plane2.png in Resources */,
			);
			runOnlyForDeploymentPostprocessing = 0;
		};
/* End PBXResourcesBuildPhase section */

/* Begin PBXSourcesBuildPhase section */
		2351FB3121A28509009AE01E /* Sources */ = {
			isa = PBXSourcesBuildPhase;
			buildActionMask = 2147483647;
			files = (
				2351FB3D21A28509009AE01E /* ViewController.m in Sources */,
				2351FB4821A28510009AE01E /* main.m in Sources */,
				2351FB3A21A28509009AE01E /* AppDelegate.m in Sources */,
			);
			runOnlyForDeploymentPostprocessing = 0;
		};
/* End PBXSourcesBuildPhase section */

/* Begin PBXVariantGroup section */
		2351FB3E21A28509009AE01E /* Main.storyboard */ = {
			isa = PBXVariantGroup;
			children = (
				2351FB3F21A28509009AE01E /* Base */,
			);
			name = Main.storyboard;
			sourceTree = "<group>";
		};
		2351FB4321A28510009AE01E /* LaunchScreen.storyboard */ = {
			isa = PBXVariantGroup;
			children = (
				2351FB4421A28510009AE01E /* Base */,
			);
			name = LaunchScreen.storyboard;
			sourceTree = "<group>";
		};
/* End PBXVariantGroup section */

/* Begin XCBuildConfiguration section */
		2351FB4921A28510009AE01E /* Debug */ = {
			isa = XCBuildConfiguration;
			buildSettings = {
				ALWAYS_SEARCH_USER_PATHS = NO;
				CLANG_ANALYZER_NONNULL = YES;
				CLANG_ANALYZER_NUMBER_OBJECT_CONVERSION = YES_AGGRESSIVE;
				CLANG_CXX_LANGUAGE_STANDARD = "gnu++14";
				CLANG_CXX_LIBRARY = "libc++";
				CLANG_ENABLE_MODULES = YES;
				CLANG_ENABLE_OBJC_ARC = YES;
				CLANG_ENABLE_OBJC_WEAK = YES;
				CLANG_WARN_BLOCK_CAPTURE_AUTORELEASING = YES;
				CLANG_WARN_BOOL_CONVERSION = YES;
				CLANG_WARN_COMMA = YES;
				CLANG_WARN_CONSTANT_CONVERSION = YES;
				CLANG_WARN_DEPRECATED_OBJC_IMPLEMENTATIONS = YES;
				CLANG_WARN_DIRECT_OBJC_ISA_USAGE = YES_ERROR;
				CLANG_WARN_DOCUMENTATION_COMMENTS = YES;
				CLANG_WARN_EMPTY_BODY = YES;
				CLANG_WARN_ENUM_CONVERSION = YES;
				CLANG_WARN_INFINITE_RECURSION = YES;
				CLANG_WARN_INT_CONVERSION = YES;
				CLANG_WARN_NON_LITERAL_NULL_CONVERSION = YES;
				CLANG_WARN_OBJC_IMPLICIT_RETAIN_SELF = YES;
				CLANG_WARN_OBJC_LITERAL_CONVERSION = YES;
				CLANG_WARN_OBJC_ROOT_CLASS = YES_ERROR;
				CLANG_WARN_RANGE_LOOP_ANALYSIS = YES;
				CLANG_WARN_STRICT_PROTOTYPES = YES;
				CLANG_WARN_SUSPICIOUS_MOVE = YES;
				CLANG_WARN_UNGUARDED_AVAILABILITY = YES_AGGRESSIVE;
				CLANG_WARN_UNREACHABLE_CODE = YES;
				CLANG_WARN__DUPLICATE_METHOD_MATCH = YES;
				CODE_SIGN_IDENTITY = "iPhone Developer";
				COPY_PHASE_STRIP = NO;
				DEBUG_INFORMATION_FORMAT = dwarf;
				ENABLE_STRICT_OBJC_MSGSEND = YES;
				ENABLE_TESTABILITY = YES;
				GCC_C_LANGUAGE_STANDARD = gnu11;
				GCC_DYNAMIC_NO_PIC = NO;
				GCC_NO_COMMON_BLOCKS = YES;
				GCC_OPTIMIZATION_LEVEL = 0;
				GCC_PREPROCESSOR_DEFINITIONS = (
					"DEBUG=1",
					"$(inherited)",
				);
				GCC_WARN_64_TO_32_BIT_CONVERSION = YES;
				GCC_WARN_ABOUT_RETURN_TYPE = YES_ERROR;
				GCC_WARN_UNDECLARED_SELECTOR = YES;
				GCC_WARN_UNINITIALIZED_AUTOS = YES_AGGRESSIVE;
				GCC_WARN_UNUSED_FUNCTION = YES;
				GCC_WARN_UNUSED_VARIABLE = YES;
				IPHONEOS_DEPLOYMENT_TARGET = 12.1;
				MTL_ENABLE_DEBUG_INFO = INCLUDE_SOURCE;
				MTL_FAST_MATH = YES;
				ONLY_ACTIVE_ARCH = YES;
				SDKROOT = iphoneos;
			};
			name = Debug;
		};
		2351FB4A21A28510009AE01E /* Release */ = {
			isa = XCBuildConfiguration;
			buildSettings = {
				ALWAYS_SEARCH_USER_PATHS = NO;
				CLANG_ANALYZER_NONNULL = YES;
				CLANG_ANALYZER_NUMBER_OBJECT_CONVERSION = YES_AGGRESSIVE;
				CLANG_CXX_LANGUAGE_STANDARD = "gnu++14";
				CLANG_CXX_LIBRARY = "libc++";
				CLANG_ENABLE_MODULES = YES;
				CLANG_ENABLE_OBJC_ARC = YES;
				CLANG_ENABLE_OBJC_WEAK = YES;
				CLANG_WARN_BLOCK_CAPTURE_AUTORELEASING = YES;
				CLANG_WARN_BOOL_CONVERSION = YES;
				CLANG_WARN_COMMA = YES;
				CLANG_WARN_CONSTANT_CONVERSION = YES;
				CLANG_WARN_DEPRECATED_OBJC_IMPLEMENTATIONS = YES;
				CLANG_WARN_DIRECT_OBJC_ISA_USAGE = YES_ERROR;
				CLANG_WARN_DOCUMENTATION_COMMENTS = YES;
				CLANG_WARN_EMPTY_BODY = YES;
				CLANG_WARN_ENUM_CONVERSION = YES;
				CLANG_WARN_INFINITE_RECURSION = YES;
				CLANG_WARN_INT_CONVERSION = YES;
				CLANG_WARN_NON_LITERAL_NULL_CONVERSION = YES;
				CLANG_WARN_OBJC_IMPLICIT_RETAIN_SELF = YES;
				CLANG_WARN_OBJC_LITERAL_CONVERSION = YES;
				CLANG_WARN_OBJC_ROOT_CLASS = YES_ERROR;
				CLANG_WARN_RANGE_LOOP_ANALYSIS = YES;
				CLANG_WARN_STRICT_PROTOTYPES = YES;
				CLANG_WARN_SUSPICIOUS_MOVE = YES;
				CLANG_WARN_UNGUARDED_AVAILABILITY = YES_AGGRESSIVE;
				CLANG_WARN_UNREACHABLE_CODE = YES;
				CLANG_WARN__DUPLICATE_METHOD_MATCH = YES;
				CODE_SIGN_IDENTITY = "iPhone Developer";
				COPY_PHASE_STRIP = NO;
				DEBUG_INFORMATION_FORMAT = "dwarf-with-dsym";
				ENABLE_NS_ASSERTIONS = NO;
				ENABLE_STRICT_OBJC_MSGSEND = YES;
				GCC_C_LANGUAGE_STANDARD = gnu11;
				GCC_NO_COMMON_BLOCKS = YES;
				GCC_WARN_64_TO_32_BIT_CONVERSION = YES;
				GCC_WARN_ABOUT_RETURN_TYPE = YES_ERROR;
				GCC_WARN_UNDECLARED_SELECTOR = YES;
				GCC_WARN_UNINITIALIZED_AUTOS = YES_AGGRESSIVE;
				GCC_WARN_UNUSED_FUNCTION = YES;
				GCC_WARN_UNUSED_VARIABLE = YES;
				IPHONEOS_DEPLOYMENT_TARGET = 12.1;
				MTL_ENABLE_DEBUG_INFO = NO;
				MTL_FAST_MATH = YES;
				SDKROOT = iphoneos;
				VALIDATE_PRODUCT = YES;
			};
			name = Release;
		};
		2351FB4C21A28510009AE01E /* Debug */ = {
			isa = XCBuildConfiguration;
			buildSettings = {
				ASSETCATALOG_COMPILER_APPICON_NAME = AppIcon;
				CODE_SIGN_STYLE = Automatic;
				DEVELOPMENT_TEAM = FRX25KEXK8;
				INFOPLIST_FILE = PlaneWar/Info.plist;
				LD_RUNPATH_SEARCH_PATHS = (
					"$(inherited)",
					"@executable_path/Frameworks",
				);
				PRODUCT_BUNDLE_IDENTIFIER = com.abner.PlaneWar;
				PRODUCT_NAME = "$(TARGET_NAME)";
				TARGETED_DEVICE_FAMILY = "1,2";
			};
			name = Debug;
		};
		2351FB4D21A28510009AE01E /* Release */ = {
			isa = XCBuildConfiguration;
			buildSettings = {
				ASSETCATALOG_COMPILER_APPICON_NAME = AppIcon;
				CODE_SIGN_STYLE = Automatic;
				DEVELOPMENT_TEAM = FRX25KEXK8;
				INFOPLIST_FILE = PlaneWar/Info.plist;
				LD_RUNPATH_SEARCH_PATHS = (
					"$(inherited)",
					"@executable_path/Frameworks",
				);
				PRODUCT_BUNDLE_IDENTIFIER = com.abner.PlaneWar;
				PRODUCT_NAME = "$(TARGET_NAME)";
				TARGETED_DEVICE_FAMILY = "1,2";
			};
			name = Release;
		};
/* End XCBuildConfiguration section */

/* Begin XCConfigurationList section */
		2351FB3021A28509009AE01E /* Build configuration list for PBXProject "PlaneWar" */ = {
			isa = XCConfigurationList;
			buildConfigurations = (
				2351FB4921A28510009AE01E /* Debug */,
				2351FB4A21A28510009AE01E /* Release */,
			);
			defaultConfigurationIsVisible = 0;
			defaultConfigurationName = Release;
		};
		2351FB4B21A28510009AE01E /* Build configuration list for PBXNativeTarget "PlaneWar" */ = {
			isa = XCConfigurationList;
			buildConfigurations = (
				2351FB4C21A28510009AE01E /* Debug */,
				2351FB4D21A28510009AE01E /* Release */,
			);
			defaultConfigurationIsVisible = 0;
			defaultConfigurationName = Release;
		};
/* End XCConfigurationList section */
	};
	rootObject = 2351FB2D21A28509009AE01E /* Project object */;
}
